// !$*UTF8*$!
{
	archiveVersion = 1;
	classes = {
	};
	objectVersion = 55;
	objects = {

/* Begin PBXBuildFile section */
		66475B70279C1E92000A4E31 /* MVCache.swift in Sources */ = {isa = PBXBuildFile; fileRef = 66475B6F279C1E92000A4E31 /* MVCache.swift */; };
		66475B72279C2607000A4E31 /* MVCacheTests.swift in Sources */ = {isa = PBXBuildFile; fileRef = 66475B71279C2607000A4E31 /* MVCacheTests.swift */; };
		664B4F02279CC59F000E20F1 /* MarvelCharacterModel.swift in Sources */ = {isa = PBXBuildFile; fileRef = 664B4F01279CC59F000E20F1 /* MarvelCharacterModel.swift */; };
		664B4F05279CCB65000E20F1 /* MarvelListRowView.swift in Sources */ = {isa = PBXBuildFile; fileRef = 664B4F04279CCB65000E20F1 /* MarvelListRowView.swift */; };
		664B4F07279CE9FD000E20F1 /* MarvelFavoriteView.swift in Sources */ = {isa = PBXBuildFile; fileRef = 664B4F06279CE9FD000E20F1 /* MarvelFavoriteView.swift */; };
		6667518E279DBFCB00711FF5 /* DropEffect.swift in Sources */ = {isa = PBXBuildFile; fileRef = 6667518D279DBFCB00711FF5 /* DropEffect.swift */; };
		66675190279DBFD700711FF5 /* ExpandEffect.swift in Sources */ = {isa = PBXBuildFile; fileRef = 6667518F279DBFD700711FF5 /* ExpandEffect.swift */; };
		66675192279DC9EC00711FF5 /* RotateEffect.swift in Sources */ = {isa = PBXBuildFile; fileRef = 66675191279DC9EC00711FF5 /* RotateEffect.swift */; };
		66BBC2C7279B326400AC97EC /* MarvelAPI.swift in Sources */ = {isa = PBXBuildFile; fileRef = 66BBC2C6279B326400AC97EC /* MarvelAPI.swift */; };
		66BBC2CA279B33C900AC97EC /* MVURI.swift in Sources */ = {isa = PBXBuildFile; fileRef = 66BBC2C9279B33C900AC97EC /* MVURI.swift */; };
		66BBC2D0279B356E00AC97EC /* MVList.swift in Sources */ = {isa = PBXBuildFile; fileRef = 66BBC2CF279B356E00AC97EC /* MVList.swift */; };
		66BBC2D2279B35FD00AC97EC /* MVURL.swift in Sources */ = {isa = PBXBuildFile; fileRef = 66BBC2D1279B35FD00AC97EC /* MVURL.swift */; };
		66BBC2D4279B363900AC97EC /* MVPath.swift in Sources */ = {isa = PBXBuildFile; fileRef = 66BBC2D3279B363900AC97EC /* MVPath.swift */; };
		66BBC2D6279B370700AC97EC /* MVCharacter.swift in Sources */ = {isa = PBXBuildFile; fileRef = 66BBC2D5279B370700AC97EC /* MVCharacter.swift */; };
		66BBC2D8279B37ED00AC97EC /* MVDataContainer.swift in Sources */ = {isa = PBXBuildFile; fileRef = 66BBC2D7279B37ED00AC97EC /* MVDataContainer.swift */; };
		66BBC2DA279B387700AC97EC /* MVDataWrapper.swift in Sources */ = {isa = PBXBuildFile; fileRef = 66BBC2D9279B387700AC97EC /* MVDataWrapper.swift */; };
		66BBC2DD279B43B800AC97EC /* String+Ext.swift in Sources */ = {isa = PBXBuildFile; fileRef = 66BBC2DC279B43B800AC97EC /* String+Ext.swift */; };
		66BBC2DF279B56BC00AC97EC /* Dictionary+Ext.swift in Sources */ = {isa = PBXBuildFile; fileRef = 66BBC2DE279B56BC00AC97EC /* Dictionary+Ext.swift */; };
		66BBC2E1279B591100AC97EC /* MVExtensionTests.swift in Sources */ = {isa = PBXBuildFile; fileRef = 66BBC2E0279B591100AC97EC /* MVExtensionTests.swift */; };
		66BBC2E3279B66A700AC97EC /* MVAPITests.swift in Sources */ = {isa = PBXBuildFile; fileRef = 66BBC2E2279B66A700AC97EC /* MVAPITests.swift */; };
		66BBC2E5279B815100AC97EC /* MarvelListView.swift in Sources */ = {isa = PBXBuildFile; fileRef = 66BBC2E4279B815100AC97EC /* MarvelListView.swift */; };
		66BBC2E7279B816300AC97EC /* MarvelDetailView.swift in Sources */ = {isa = PBXBuildFile; fileRef = 66BBC2E6279B816300AC97EC /* MarvelDetailView.swift */; };
		66BBC2EF279B8ADA00AC97EC /* MarvelCharacterList.swift in Sources */ = {isa = PBXBuildFile; fileRef = 66BBC2EE279B8ADA00AC97EC /* MarvelCharacterList.swift */; };
		66F92678279B2F19002D109A /* ODK_MarvelApp.swift in Sources */ = {isa = PBXBuildFile; fileRef = 66F92677279B2F19002D109A /* ODK_MarvelApp.swift */; };
		66F9267A279B2F19002D109A /* ContentView.swift in Sources */ = {isa = PBXBuildFile; fileRef = 66F92679279B2F19002D109A /* ContentView.swift */; };
		66F9267C279B2F1B002D109A /* Assets.xcassets in Resources */ = {isa = PBXBuildFile; fileRef = 66F9267B279B2F1B002D109A /* Assets.xcassets */; };
		66F9267F279B2F1B002D109A /* Preview Assets.xcassets in Resources */ = {isa = PBXBuildFile; fileRef = 66F9267E279B2F1B002D109A /* Preview Assets.xcassets */; };
		66F92681279B2F1B002D109A /* Persistence.swift in Sources */ = {isa = PBXBuildFile; fileRef = 66F92680279B2F1B002D109A /* Persistence.swift */; };
		66F92684279B2F1B002D109A /* ODK_Marvel.xcdatamodeld in Sources */ = {isa = PBXBuildFile; fileRef = 66F92682279B2F1B002D109A /* ODK_Marvel.xcdatamodeld */; };
		66F9268E279B2F1B002D109A /* ODK_MarvelTests.swift in Sources */ = {isa = PBXBuildFile; fileRef = 66F9268D279B2F1B002D109A /* ODK_MarvelTests.swift */; };
		66F92698279B2F1B002D109A /* ODK_MarvelUITests.swift in Sources */ = {isa = PBXBuildFile; fileRef = 66F92697279B2F1B002D109A /* ODK_MarvelUITests.swift */; };
		66F9269A279B2F1B002D109A /* ODK_MarvelUITestsLaunchTests.swift in Sources */ = {isa = PBXBuildFile; fileRef = 66F92699279B2F1B002D109A /* ODK_MarvelUITestsLaunchTests.swift */; };
/* End PBXBuildFile section */

/* Begin PBXContainerItemProxy section */
		66F9268A279B2F1B002D109A /* PBXContainerItemProxy */ = {
			isa = PBXContainerItemProxy;
			containerPortal = 66F9266C279B2F19002D109A /* Project object */;
			proxyType = 1;
			remoteGlobalIDString = 66F92673279B2F19002D109A;
			remoteInfo = "ODK Marvel";
		};
		66F92694279B2F1B002D109A /* PBXContainerItemProxy */ = {
			isa = PBXContainerItemProxy;
			containerPortal = 66F9266C279B2F19002D109A /* Project object */;
			proxyType = 1;
			remoteGlobalIDString = 66F92673279B2F19002D109A;
			remoteInfo = "ODK Marvel";
		};
/* End PBXContainerItemProxy section */

/* Begin PBXFileReference section */
		66475B6F279C1E92000A4E31 /* MVCache.swift */ = {isa = PBXFileReference; lastKnownFileType = sourcecode.swift; path = MVCache.swift; sourceTree = "<group>"; };
		66475B71279C2607000A4E31 /* MVCacheTests.swift */ = {isa = PBXFileReference; lastKnownFileType = sourcecode.swift; path = MVCacheTests.swift; sourceTree = "<group>"; };
		664B4F01279CC59F000E20F1 /* MarvelCharacterModel.swift */ = {isa = PBXFileReference; lastKnownFileType = sourcecode.swift; path = MarvelCharacterModel.swift; sourceTree = "<group>"; };
		664B4F04279CCB65000E20F1 /* MarvelListRowView.swift */ = {isa = PBXFileReference; lastKnownFileType = sourcecode.swift; path = MarvelListRowView.swift; sourceTree = "<group>"; };
		664B4F06279CE9FD000E20F1 /* MarvelFavoriteView.swift */ = {isa = PBXFileReference; lastKnownFileType = sourcecode.swift; path = MarvelFavoriteView.swift; sourceTree = "<group>"; };
		66527215279C3ED800C86275 /* ODK-Marvel-Info.plist */ = {isa = PBXFileReference; lastKnownFileType = text.plist; path = "ODK-Marvel-Info.plist"; sourceTree = SOURCE_ROOT; };
		66527216279C3F6000C86275 /* ODK-MarvelTests-Info.plist */ = {isa = PBXFileReference; lastKnownFileType = text.plist; path = "ODK-MarvelTests-Info.plist"; sourceTree = SOURCE_ROOT; };
		66527217279C3F6700C86275 /* ODK-MarvelUITests-Info.plist */ = {isa = PBXFileReference; lastKnownFileType = text.plist; path = "ODK-MarvelUITests-Info.plist"; sourceTree = SOURCE_ROOT; };
		6667518D279DBFCB00711FF5 /* DropEffect.swift */ = {isa = PBXFileReference; lastKnownFileType = sourcecode.swift; path = DropEffect.swift; sourceTree = "<group>"; };
		6667518F279DBFD700711FF5 /* ExpandEffect.swift */ = {isa = PBXFileReference; lastKnownFileType = sourcecode.swift; path = ExpandEffect.swift; sourceTree = "<group>"; };
		66675191279DC9EC00711FF5 /* RotateEffect.swift */ = {isa = PBXFileReference; lastKnownFileType = sourcecode.swift; path = RotateEffect.swift; sourceTree = "<group>"; };
		66BBC2C6279B326400AC97EC /* MarvelAPI.swift */ = {isa = PBXFileReference; lastKnownFileType = sourcecode.swift; path = MarvelAPI.swift; sourceTree = "<group>"; };
		66BBC2C9279B33C900AC97EC /* MVURI.swift */ = {isa = PBXFileReference; lastKnownFileType = sourcecode.swift; path = MVURI.swift; sourceTree = "<group>"; };
		66BBC2CF279B356E00AC97EC /* MVList.swift */ = {isa = PBXFileReference; lastKnownFileType = sourcecode.swift; path = MVList.swift; sourceTree = "<group>"; };
		66BBC2D1279B35FD00AC97EC /* MVURL.swift */ = {isa = PBXFileReference; lastKnownFileType = sourcecode.swift; path = MVURL.swift; sourceTree = "<group>"; };
		66BBC2D3279B363900AC97EC /* MVPath.swift */ = {isa = PBXFileReference; lastKnownFileType = sourcecode.swift; path = MVPath.swift; sourceTree = "<group>"; };
		66BBC2D5279B370700AC97EC /* MVCharacter.swift */ = {isa = PBXFileReference; lastKnownFileType = sourcecode.swift; path = MVCharacter.swift; sourceTree = "<group>"; };
		66BBC2D7279B37ED00AC97EC /* MVDataContainer.swift */ = {isa = PBXFileReference; lastKnownFileType = sourcecode.swift; path = MVDataContainer.swift; sourceTree = "<group>"; };
		66BBC2D9279B387700AC97EC /* MVDataWrapper.swift */ = {isa = PBXFileReference; lastKnownFileType = sourcecode.swift; path = MVDataWrapper.swift; sourceTree = "<group>"; };
		66BBC2DC279B43B800AC97EC /* String+Ext.swift */ = {isa = PBXFileReference; lastKnownFileType = sourcecode.swift; path = "String+Ext.swift"; sourceTree = "<group>"; };
		66BBC2DE279B56BC00AC97EC /* Dictionary+Ext.swift */ = {isa = PBXFileReference; lastKnownFileType = sourcecode.swift; path = "Dictionary+Ext.swift"; sourceTree = "<group>"; };
		66BBC2E0279B591100AC97EC /* MVExtensionTests.swift */ = {isa = PBXFileReference; lastKnownFileType = sourcecode.swift; path = MVExtensionTests.swift; sourceTree = "<group>"; };
		66BBC2E2279B66A700AC97EC /* MVAPITests.swift */ = {isa = PBXFileReference; lastKnownFileType = sourcecode.swift; path = MVAPITests.swift; sourceTree = "<group>"; };
		66BBC2E4279B815100AC97EC /* MarvelListView.swift */ = {isa = PBXFileReference; lastKnownFileType = sourcecode.swift; path = MarvelListView.swift; sourceTree = "<group>"; };
		66BBC2E6279B816300AC97EC /* MarvelDetailView.swift */ = {isa = PBXFileReference; lastKnownFileType = sourcecode.swift; path = MarvelDetailView.swift; sourceTree = "<group>"; };
		66BBC2EE279B8ADA00AC97EC /* MarvelCharacterList.swift */ = {isa = PBXFileReference; lastKnownFileType = sourcecode.swift; path = MarvelCharacterList.swift; sourceTree = "<group>"; };
		66F92674279B2F19002D109A /* ODK Marvel.app */ = {isa = PBXFileReference; explicitFileType = wrapper.application; includeInIndex = 0; path = "ODK Marvel.app"; sourceTree = BUILT_PRODUCTS_DIR; };
		66F92677279B2F19002D109A /* ODK_MarvelApp.swift */ = {isa = PBXFileReference; lastKnownFileType = sourcecode.swift; path = ODK_MarvelApp.swift; sourceTree = "<group>"; };
		66F92679279B2F19002D109A /* ContentView.swift */ = {isa = PBXFileReference; lastKnownFileType = sourcecode.swift; path = ContentView.swift; sourceTree = "<group>"; };
		66F9267B279B2F1B002D109A /* Assets.xcassets */ = {isa = PBXFileReference; lastKnownFileType = folder.assetcatalog; path = Assets.xcassets; sourceTree = "<group>"; };
		66F9267E279B2F1B002D109A /* Preview Assets.xcassets */ = {isa = PBXFileReference; lastKnownFileType = folder.assetcatalog; path = "Preview Assets.xcassets"; sourceTree = "<group>"; };
		66F92680279B2F1B002D109A /* Persistence.swift */ = {isa = PBXFileReference; lastKnownFileType = sourcecode.swift; path = Persistence.swift; sourceTree = "<group>"; };
		66F92683279B2F1B002D109A /* ODK_Marvel.xcdatamodel */ = {isa = PBXFileReference; lastKnownFileType = wrapper.xcdatamodel; path = ODK_Marvel.xcdatamodel; sourceTree = "<group>"; };
		66F92689279B2F1B002D109A /* ODK MarvelTests.xctest */ = {isa = PBXFileReference; explicitFileType = wrapper.cfbundle; includeInIndex = 0; path = "ODK MarvelTests.xctest"; sourceTree = BUILT_PRODUCTS_DIR; };
		66F9268D279B2F1B002D109A /* ODK_MarvelTests.swift */ = {isa = PBXFileReference; lastKnownFileType = sourcecode.swift; path = ODK_MarvelTests.swift; sourceTree = "<group>"; };
		66F92693279B2F1B002D109A /* ODK MarvelUITests.xctest */ = {isa = PBXFileReference; explicitFileType = wrapper.cfbundle; includeInIndex = 0; path = "ODK MarvelUITests.xctest"; sourceTree = BUILT_PRODUCTS_DIR; };
		66F92697279B2F1B002D109A /* ODK_MarvelUITests.swift */ = {isa = PBXFileReference; lastKnownFileType = sourcecode.swift; path = ODK_MarvelUITests.swift; sourceTree = "<group>"; };
		66F92699279B2F1B002D109A /* ODK_MarvelUITestsLaunchTests.swift */ = {isa = PBXFileReference; lastKnownFileType = sourcecode.swift; path = ODK_MarvelUITestsLaunchTests.swift; sourceTree = "<group>"; };
/* End PBXFileReference section */

/* Begin PBXFrameworksBuildPhase section */
		66F92671279B2F19002D109A /* Frameworks */ = {
			isa = PBXFrameworksBuildPhase;
			buildActionMask = 2147483647;
			files = (
			);
			runOnlyForDeploymentPostprocessing = 0;
		};
		66F92686279B2F1B002D109A /* Frameworks */ = {
			isa = PBXFrameworksBuildPhase;
			buildActionMask = 2147483647;
			files = (
			);
			runOnlyForDeploymentPostprocessing = 0;
		};
		66F92690279B2F1B002D109A /* Frameworks */ = {
			isa = PBXFrameworksBuildPhase;
			buildActionMask = 2147483647;
			files = (
			);
			runOnlyForDeploymentPostprocessing = 0;
		};
/* End PBXFrameworksBuildPhase section */

/* Begin PBXGroup section */
		66475B6E279C1D17000A4E31 /* Cache */ = {
			isa = PBXGroup;
			children = (
				66475B6F279C1E92000A4E31 /* MVCache.swift */,
			);
			path = Cache;
			sourceTree = "<group>";
		};
		664B4F03279CCB46000E20F1 /* Views */ = {
			isa = PBXGroup;
			children = (
				66F92679279B2F19002D109A /* ContentView.swift */,
				66BBC2E4279B815100AC97EC /* MarvelListView.swift */,
				66BBC2E6279B816300AC97EC /* MarvelDetailView.swift */,
				664B4F04279CCB65000E20F1 /* MarvelListRowView.swift */,
				664B4F06279CE9FD000E20F1 /* MarvelFavoriteView.swift */,
			);
			path = Views;
			sourceTree = "<group>";
		};
		6667518C279DBF8600711FF5 /* Marvel_Animations */ = {
			isa = PBXGroup;
			children = (
				6667518D279DBFCB00711FF5 /* DropEffect.swift */,
				6667518F279DBFD700711FF5 /* ExpandEffect.swift */,
				66675191279DC9EC00711FF5 /* RotateEffect.swift */,
			);
			path = Marvel_Animations;
			sourceTree = "<group>";
		};
		66BBC2C5279B306300AC97EC /* Marvel_API */ = {
			isa = PBXGroup;
			children = (
				66BBC2C8279B333600AC97EC /* Model */,
				66BBC2C6279B326400AC97EC /* MarvelAPI.swift */,
			);
			path = Marvel_API;
			sourceTree = "<group>";
		};
		66BBC2C8279B333600AC97EC /* Model */ = {
			isa = PBXGroup;
			children = (
				66BBC2C9279B33C900AC97EC /* MVURI.swift */,
				66BBC2CF279B356E00AC97EC /* MVList.swift */,
				66BBC2D1279B35FD00AC97EC /* MVURL.swift */,
				66BBC2D3279B363900AC97EC /* MVPath.swift */,
				66BBC2D5279B370700AC97EC /* MVCharacter.swift */,
				66BBC2D7279B37ED00AC97EC /* MVDataContainer.swift */,
				66BBC2D9279B387700AC97EC /* MVDataWrapper.swift */,
			);
			path = Model;
			sourceTree = "<group>";
		};
		66BBC2DB279B439900AC97EC /* Extensions */ = {
			isa = PBXGroup;
			children = (
				66BBC2DC279B43B800AC97EC /* String+Ext.swift */,
				66BBC2DE279B56BC00AC97EC /* Dictionary+Ext.swift */,
			);
			path = Extensions;
			sourceTree = "<group>";
		};
		66BBC2E8279B828A00AC97EC /* Marvel_Views */ = {
			isa = PBXGroup;
			children = (
			);
			path = Marvel_Views;
			sourceTree = "<group>";
		};
		66BBC2E9279B829B00AC97EC /* Marvel_ViewModels */ = {
			isa = PBXGroup;
			children = (
				66BBC2EE279B8ADA00AC97EC /* MarvelCharacterList.swift */,
				664B4F01279CC59F000E20F1 /* MarvelCharacterModel.swift */,
			);
			path = Marvel_ViewModels;
			sourceTree = "<group>";
		};
		66F9266B279B2F19002D109A = {
			isa = PBXGroup;
			children = (
				66F92676279B2F19002D109A /* ODK Marvel */,
				66F9268C279B2F1B002D109A /* ODK MarvelTests */,
				66F92696279B2F1B002D109A /* ODK MarvelUITests */,
				66F92675279B2F19002D109A /* Products */,
			);
			sourceTree = "<group>";
		};
		66F92675279B2F19002D109A /* Products */ = {
			isa = PBXGroup;
			children = (
				66F92674279B2F19002D109A /* ODK Marvel.app */,
				66F92689279B2F1B002D109A /* ODK MarvelTests.xctest */,
				66F92693279B2F1B002D109A /* ODK MarvelUITests.xctest */,
			);
			name = Products;
			sourceTree = "<group>";
		};
		66F92676279B2F19002D109A /* ODK Marvel */ = {
			isa = PBXGroup;
			children = (
				66527215279C3ED800C86275 /* ODK-Marvel-Info.plist */,
				66BBC2E9279B829B00AC97EC /* Marvel_ViewModels */,
				664B4F03279CCB46000E20F1 /* Views */,
				6667518C279DBF8600711FF5 /* Marvel_Animations */,
				66475B6E279C1D17000A4E31 /* Cache */,
				66BBC2E8279B828A00AC97EC /* Marvel_Views */,
				66BBC2DB279B439900AC97EC /* Extensions */,
				66BBC2C5279B306300AC97EC /* Marvel_API */,
				66F92677279B2F19002D109A /* ODK_MarvelApp.swift */,
				66F9267B279B2F1B002D109A /* Assets.xcassets */,
				66F92680279B2F1B002D109A /* Persistence.swift */,
				66F92682279B2F1B002D109A /* ODK_Marvel.xcdatamodeld */,
				66F9267D279B2F1B002D109A /* Preview Content */,
			);
			path = "ODK Marvel";
			sourceTree = "<group>";
		};
		66F9267D279B2F1B002D109A /* Preview Content */ = {
			isa = PBXGroup;
			children = (
				66F9267E279B2F1B002D109A /* Preview Assets.xcassets */,
			);
			path = "Preview Content";
			sourceTree = "<group>";
		};
		66F9268C279B2F1B002D109A /* ODK MarvelTests */ = {
			isa = PBXGroup;
			children = (
				66527216279C3F6000C86275 /* ODK-MarvelTests-Info.plist */,
				66F9268D279B2F1B002D109A /* ODK_MarvelTests.swift */,
				66BBC2E0279B591100AC97EC /* MVExtensionTests.swift */,
				66BBC2E2279B66A700AC97EC /* MVAPITests.swift */,
				66475B71279C2607000A4E31 /* MVCacheTests.swift */,
			);
			path = "ODK MarvelTests";
			sourceTree = "<group>";
		};
		66F92696279B2F1B002D109A /* ODK MarvelUITests */ = {
			isa = PBXGroup;
			children = (
				66527217279C3F6700C86275 /* ODK-MarvelUITests-Info.plist */,
				66F92697279B2F1B002D109A /* ODK_MarvelUITests.swift */,
				66F92699279B2F1B002D109A /* ODK_MarvelUITestsLaunchTests.swift */,
			);
			path = "ODK MarvelUITests";
			sourceTree = "<group>";
		};
/* End PBXGroup section */

/* Begin PBXNativeTarget section */
		66F92673279B2F19002D109A /* ODK Marvel */ = {
			isa = PBXNativeTarget;
			buildConfigurationList = 66F9269D279B2F1B002D109A /* Build configuration list for PBXNativeTarget "ODK Marvel" */;
			buildPhases = (
				66F92670279B2F19002D109A /* Sources */,
				66F92671279B2F19002D109A /* Frameworks */,
				66F92672279B2F19002D109A /* Resources */,
			);
			buildRules = (
			);
			dependencies = (
			);
			name = "ODK Marvel";
			productName = "ODK Marvel";
			productReference = 66F92674279B2F19002D109A /* ODK Marvel.app */;
			productType = "com.apple.product-type.application";
		};
		66F92688279B2F1B002D109A /* ODK MarvelTests */ = {
			isa = PBXNativeTarget;
			buildConfigurationList = 66F926A0279B2F1B002D109A /* Build configuration list for PBXNativeTarget "ODK MarvelTests" */;
			buildPhases = (
				66F92685279B2F1B002D109A /* Sources */,
				66F92686279B2F1B002D109A /* Frameworks */,
				66F92687279B2F1B002D109A /* Resources */,
			);
			buildRules = (
			);
			dependencies = (
				66F9268B279B2F1B002D109A /* PBXTargetDependency */,
			);
			name = "ODK MarvelTests";
			productName = "ODK MarvelTests";
			productReference = 66F92689279B2F1B002D109A /* ODK MarvelTests.xctest */;
			productType = "com.apple.product-type.bundle.unit-test";
		};
		66F92692279B2F1B002D109A /* ODK MarvelUITests */ = {
			isa = PBXNativeTarget;
			buildConfigurationList = 66F926A3279B2F1B002D109A /* Build configuration list for PBXNativeTarget "ODK MarvelUITests" */;
			buildPhases = (
				66F9268F279B2F1B002D109A /* Sources */,
				66F92690279B2F1B002D109A /* Frameworks */,
				66F92691279B2F1B002D109A /* Resources */,
			);
			buildRules = (
			);
			dependencies = (
				66F92695279B2F1B002D109A /* PBXTargetDependency */,
			);
			name = "ODK MarvelUITests";
			productName = "ODK MarvelUITests";
			productReference = 66F92693279B2F1B002D109A /* ODK MarvelUITests.xctest */;
			productType = "com.apple.product-type.bundle.ui-testing";
		};
/* End PBXNativeTarget section */

/* Begin PBXProject section */
		66F9266C279B2F19002D109A /* Project object */ = {
			isa = PBXProject;
			attributes = {
				BuildIndependentTargetsInParallel = 1;
				LastSwiftUpdateCheck = 1320;
				LastUpgradeCheck = 1320;
				TargetAttributes = {
					66F92673279B2F19002D109A = {
						CreatedOnToolsVersion = 13.2.1;
					};
					66F92688279B2F1B002D109A = {
						CreatedOnToolsVersion = 13.2.1;
						TestTargetID = 66F92673279B2F19002D109A;
					};
					66F92692279B2F1B002D109A = {
						CreatedOnToolsVersion = 13.2.1;
						TestTargetID = 66F92673279B2F19002D109A;
					};
				};
			};
			buildConfigurationList = 66F9266F279B2F19002D109A /* Build configuration list for PBXProject "ODK Marvel" */;
			compatibilityVersion = "Xcode 13.0";
			developmentRegion = en;
			hasScannedForEncodings = 0;
			knownRegions = (
				en,
				Base,
			);
			mainGroup = 66F9266B279B2F19002D109A;
			productRefGroup = 66F92675279B2F19002D109A /* Products */;
			projectDirPath = "";
			projectRoot = "";
			targets = (
				66F92673279B2F19002D109A /* ODK Marvel */,
				66F92688279B2F1B002D109A /* ODK MarvelTests */,
				66F92692279B2F1B002D109A /* ODK MarvelUITests */,
			);
		};
/* End PBXProject section */

/* Begin PBXResourcesBuildPhase section */
		66F92672279B2F19002D109A /* Resources */ = {
			isa = PBXResourcesBuildPhase;
			buildActionMask = 2147483647;
			files = (
				66F9267F279B2F1B002D109A /* Preview Assets.xcassets in Resources */,
				66F9267C279B2F1B002D109A /* Assets.xcassets in Resources */,
			);
			runOnlyForDeploymentPostprocessing = 0;
		};
		66F92687279B2F1B002D109A /* Resources */ = {
			isa = PBXResourcesBuildPhase;
			buildActionMask = 2147483647;
			files = (
			);
			runOnlyForDeploymentPostprocessing = 0;
		};
		66F92691279B2F1B002D109A /* Resources */ = {
			isa = PBXResourcesBuildPhase;
			buildActionMask = 2147483647;
			files = (
			);
			runOnlyForDeploymentPostprocessing = 0;
		};
/* End PBXResourcesBuildPhase section */

/* Begin PBXSourcesBuildPhase section */
		66F92670279B2F19002D109A /* Sources */ = {
			isa = PBXSourcesBuildPhase;
			buildActionMask = 2147483647;
			files = (
				66BBC2DA279B387700AC97EC /* MVDataWrapper.swift in Sources */,
				66675192279DC9EC00711FF5 /* RotateEffect.swift in Sources */,
				66BBC2CA279B33C900AC97EC /* MVURI.swift in Sources */,
				664B4F02279CC59F000E20F1 /* MarvelCharacterModel.swift in Sources */,
				6667518E279DBFCB00711FF5 /* DropEffect.swift in Sources */,
				66BBC2C7279B326400AC97EC /* MarvelAPI.swift in Sources */,
				66BBC2EF279B8ADA00AC97EC /* MarvelCharacterList.swift in Sources */,
				66BBC2DF279B56BC00AC97EC /* Dictionary+Ext.swift in Sources */,
				66475B70279C1E92000A4E31 /* MVCache.swift in Sources */,
				66BBC2DD279B43B800AC97EC /* String+Ext.swift in Sources */,
				66675190279DBFD700711FF5 /* ExpandEffect.swift in Sources */,
				66BBC2D6279B370700AC97EC /* MVCharacter.swift in Sources */,
				66BBC2E7279B816300AC97EC /* MarvelDetailView.swift in Sources */,
				66BBC2D8279B37ED00AC97EC /* MVDataContainer.swift in Sources */,
				664B4F05279CCB65000E20F1 /* MarvelListRowView.swift in Sources */,
				66BBC2D0279B356E00AC97EC /* MVList.swift in Sources */,
				66F92681279B2F1B002D109A /* Persistence.swift in Sources */,
				66BBC2D2279B35FD00AC97EC /* MVURL.swift in Sources */,
				66F9267A279B2F19002D109A /* ContentView.swift in Sources */,
				664B4F07279CE9FD000E20F1 /* MarvelFavoriteView.swift in Sources */,
				66BBC2E5279B815100AC97EC /* MarvelListView.swift in Sources */,
				66BBC2D4279B363900AC97EC /* MVPath.swift in Sources */,
				66F92678279B2F19002D109A /* ODK_MarvelApp.swift in Sources */,
				66F92684279B2F1B002D109A /* ODK_Marvel.xcdatamodeld in Sources */,
			);
			runOnlyForDeploymentPostprocessing = 0;
		};
		66F92685279B2F1B002D109A /* Sources */ = {
			isa = PBXSourcesBuildPhase;
			buildActionMask = 2147483647;
			files = (
				66BBC2E1279B591100AC97EC /* MVExtensionTests.swift in Sources */,
				66F9268E279B2F1B002D109A /* ODK_MarvelTests.swift in Sources */,
				66475B72279C2607000A4E31 /* MVCacheTests.swift in Sources */,
				66BBC2E3279B66A700AC97EC /* MVAPITests.swift in Sources */,
			);
			runOnlyForDeploymentPostprocessing = 0;
		};
		66F9268F279B2F1B002D109A /* Sources */ = {
			isa = PBXSourcesBuildPhase;
			buildActionMask = 2147483647;
			files = (
				66F9269A279B2F1B002D109A /* ODK_MarvelUITestsLaunchTests.swift in Sources */,
				66F92698279B2F1B002D109A /* ODK_MarvelUITests.swift in Sources */,
			);
			runOnlyForDeploymentPostprocessing = 0;
		};
/* End PBXSourcesBuildPhase section */

/* Begin PBXTargetDependency section */
		66F9268B279B2F1B002D109A /* PBXTargetDependency */ = {
			isa = PBXTargetDependency;
			target = 66F92673279B2F19002D109A /* ODK Marvel */;
			targetProxy = 66F9268A279B2F1B002D109A /* PBXContainerItemProxy */;
		};
		66F92695279B2F1B002D109A /* PBXTargetDependency */ = {
			isa = PBXTargetDependency;
			target = 66F92673279B2F19002D109A /* ODK Marvel */;
			targetProxy = 66F92694279B2F1B002D109A /* PBXContainerItemProxy */;
		};
/* End PBXTargetDependency section */

/* Begin XCBuildConfiguration section */
		66F9269B279B2F1B002D109A /* Debug */ = {
			isa = XCBuildConfiguration;
			buildSettings = {
				ALWAYS_SEARCH_USER_PATHS = NO;
				CLANG_ANALYZER_NONNULL = YES;
				CLANG_ANALYZER_NUMBER_OBJECT_CONVERSION = YES_AGGRESSIVE;
				CLANG_CXX_LANGUAGE_STANDARD = "gnu++17";
				CLANG_CXX_LIBRARY = "libc++";
				CLANG_ENABLE_MODULES = YES;
				CLANG_ENABLE_OBJC_ARC = YES;
				CLANG_ENABLE_OBJC_WEAK = YES;
				CLANG_WARN_BLOCK_CAPTURE_AUTORELEASING = YES;
				CLANG_WARN_BOOL_CONVERSION = YES;
				CLANG_WARN_COMMA = YES;
				CLANG_WARN_CONSTANT_CONVERSION = YES;
				CLANG_WARN_DEPRECATED_OBJC_IMPLEMENTATIONS = YES;
				CLANG_WARN_DIRECT_OBJC_ISA_USAGE = YES_ERROR;
				CLANG_WARN_DOCUMENTATION_COMMENTS = YES;
				CLANG_WARN_EMPTY_BODY = YES;
				CLANG_WARN_ENUM_CONVERSION = YES;
				CLANG_WARN_INFINITE_RECURSION = YES;
				CLANG_WARN_INT_CONVERSION = YES;
				CLANG_WARN_NON_LITERAL_NULL_CONVERSION = YES;
				CLANG_WARN_OBJC_IMPLICIT_RETAIN_SELF = YES;
				CLANG_WARN_OBJC_LITERAL_CONVERSION = YES;
				CLANG_WARN_OBJC_ROOT_CLASS = YES_ERROR;
				CLANG_WARN_QUOTED_INCLUDE_IN_FRAMEWORK_HEADER = YES;
				CLANG_WARN_RANGE_LOOP_ANALYSIS = YES;
				CLANG_WARN_STRICT_PROTOTYPES = YES;
				CLANG_WARN_SUSPICIOUS_MOVE = YES;
				CLANG_WARN_UNGUARDED_AVAILABILITY = YES_AGGRESSIVE;
				CLANG_WARN_UNREACHABLE_CODE = YES;
				CLANG_WARN__DUPLICATE_METHOD_MATCH = YES;
				COPY_PHASE_STRIP = NO;
				DEBUG_INFORMATION_FORMAT = dwarf;
				ENABLE_STRICT_OBJC_MSGSEND = YES;
				ENABLE_TESTABILITY = YES;
				GCC_C_LANGUAGE_STANDARD = gnu11;
				GCC_DYNAMIC_NO_PIC = NO;
				GCC_NO_COMMON_BLOCKS = YES;
				GCC_OPTIMIZATION_LEVEL = 0;
				GCC_PREPROCESSOR_DEFINITIONS = (
					"DEBUG=1",
					"$(inherited)",
				);
				GCC_WARN_64_TO_32_BIT_CONVERSION = YES;
				GCC_WARN_ABOUT_RETURN_TYPE = YES_ERROR;
				GCC_WARN_UNDECLARED_SELECTOR = YES;
				GCC_WARN_UNINITIALIZED_AUTOS = YES_AGGRESSIVE;
				GCC_WARN_UNUSED_FUNCTION = YES;
				GCC_WARN_UNUSED_VARIABLE = YES;
				IPHONEOS_DEPLOYMENT_TARGET = 15.2;
				MTL_ENABLE_DEBUG_INFO = INCLUDE_SOURCE;
				MTL_FAST_MATH = YES;
				ONLY_ACTIVE_ARCH = YES;
				SDKROOT = iphoneos;
				SWIFT_ACTIVE_COMPILATION_CONDITIONS = DEBUG;
				SWIFT_OPTIMIZATION_LEVEL = "-Onone";
			};
			name = Debug;
		};
		66F9269C279B2F1B002D109A /* Release */ = {
			isa = XCBuildConfiguration;
			buildSettings = {
				ALWAYS_SEARCH_USER_PATHS = NO;
				CLANG_ANALYZER_NONNULL = YES;
				CLANG_ANALYZER_NUMBER_OBJECT_CONVERSION = YES_AGGRESSIVE;
				CLANG_CXX_LANGUAGE_STANDARD = "gnu++17";
				CLANG_CXX_LIBRARY = "libc++";
				CLANG_ENABLE_MODULES = YES;
				CLANG_ENABLE_OBJC_ARC = YES;
				CLANG_ENABLE_OBJC_WEAK = YES;
				CLANG_WARN_BLOCK_CAPTURE_AUTORELEASING = YES;
				CLANG_WARN_BOOL_CONVERSION = YES;
				CLANG_WARN_COMMA = YES;
				CLANG_WARN_CONSTANT_CONVERSION = YES;
				CLANG_WARN_DEPRECATED_OBJC_IMPLEMENTATIONS = YES;
				CLANG_WARN_DIRECT_OBJC_ISA_USAGE = YES_ERROR;
				CLANG_WARN_DOCUMENTATION_COMMENTS = YES;
				CLANG_WARN_EMPTY_BODY = YES;
				CLANG_WARN_ENUM_CONVERSION = YES;
				CLANG_WARN_INFINITE_RECURSION = YES;
				CLANG_WARN_INT_CONVERSION = YES;
				CLANG_WARN_NON_LITERAL_NULL_CONVERSION = YES;
				CLANG_WARN_OBJC_IMPLICIT_RETAIN_SELF = YES;
				CLANG_WARN_OBJC_LITERAL_CONVERSION = YES;
				CLANG_WARN_OBJC_ROOT_CLASS = YES_ERROR;
				CLANG_WARN_QUOTED_INCLUDE_IN_FRAMEWORK_HEADER = YES;
				CLANG_WARN_RANGE_LOOP_ANALYSIS = YES;
				CLANG_WARN_STRICT_PROTOTYPES = YES;
				CLANG_WARN_SUSPICIOUS_MOVE = YES;
				CLANG_WARN_UNGUARDED_AVAILABILITY = YES_AGGRESSIVE;
				CLANG_WARN_UNREACHABLE_CODE = YES;
				CLANG_WARN__DUPLICATE_METHOD_MATCH = YES;
				COPY_PHASE_STRIP = NO;
				DEBUG_INFORMATION_FORMAT = "dwarf-with-dsym";
				ENABLE_NS_ASSERTIONS = NO;
				ENABLE_STRICT_OBJC_MSGSEND = YES;
				GCC_C_LANGUAGE_STANDARD = gnu11;
				GCC_NO_COMMON_BLOCKS = YES;
				GCC_WARN_64_TO_32_BIT_CONVERSION = YES;
				GCC_WARN_ABOUT_RETURN_TYPE = YES_ERROR;
				GCC_WARN_UNDECLARED_SELECTOR = YES;
				GCC_WARN_UNINITIALIZED_AUTOS = YES_AGGRESSIVE;
				GCC_WARN_UNUSED_FUNCTION = YES;
				GCC_WARN_UNUSED_VARIABLE = YES;
				IPHONEOS_DEPLOYMENT_TARGET = 15.2;
				MTL_ENABLE_DEBUG_INFO = NO;
				MTL_FAST_MATH = YES;
				SDKROOT = iphoneos;
				SWIFT_COMPILATION_MODE = wholemodule;
				SWIFT_OPTIMIZATION_LEVEL = "-O";
				VALIDATE_PRODUCT = YES;
			};
			name = Release;
		};
		66F9269E279B2F1B002D109A /* Debug */ = {
			isa = XCBuildConfiguration;
			buildSettings = {
				ASSETCATALOG_COMPILER_APPICON_NAME = AppIcon;
				ASSETCATALOG_COMPILER_GLOBAL_ACCENT_COLOR_NAME = AccentColor;
				CODE_SIGN_STYLE = Automatic;
				CURRENT_PROJECT_VERSION = 1;
				DEVELOPMENT_ASSET_PATHS = "\"ODK Marvel/Preview Content\"";
				DEVELOPMENT_TEAM = NJ8AARD76W;
				ENABLE_PREVIEWS = YES;
				GENERATE_INFOPLIST_FILE = YES;
				INFOPLIST_FILE = "ODK-Marvel-Info.plist";
				INFOPLIST_KEY_UIApplicationSceneManifest_Generation = YES;
				INFOPLIST_KEY_UIApplicationSupportsIndirectInputEvents = YES;
				INFOPLIST_KEY_UILaunchScreen_Generation = YES;
				INFOPLIST_KEY_UISupportedInterfaceOrientations_iPad = "UIInterfaceOrientationPortrait UIInterfaceOrientationPortraitUpsideDown UIInterfaceOrientationLandscapeLeft UIInterfaceOrientationLandscapeRight";
				INFOPLIST_KEY_UISupportedInterfaceOrientations_iPhone = "UIInterfaceOrientationPortrait UIInterfaceOrientationLandscapeLeft UIInterfaceOrientationLandscapeRight";
				LD_RUNPATH_SEARCH_PATHS = (
					"$(inherited)",
					"@executable_path/Frameworks",
				);
				MARKETING_VERSION = 1.0;
				PRODUCT_BUNDLE_IDENTIFIER = "com.wyndot.ODK-Marvel";
				PRODUCT_NAME = "$(TARGET_NAME)";
				SWIFT_EMIT_LOC_STRINGS = YES;
				SWIFT_VERSION = 5.0;
				TARGETED_DEVICE_FAMILY = "1,2";
			};
			name = Debug;
		};
		66F9269F279B2F1B002D109A /* Release */ = {
			isa = XCBuildConfiguration;
			buildSettings = {
				ASSETCATALOG_COMPILER_APPICON_NAME = AppIcon;
				ASSETCATALOG_COMPILER_GLOBAL_ACCENT_COLOR_NAME = AccentColor;
				CODE_SIGN_STYLE = Automatic;
				CURRENT_PROJECT_VERSION = 1;
				DEVELOPMENT_ASSET_PATHS = "\"ODK Marvel/Preview Content\"";
				DEVELOPMENT_TEAM = NJ8AARD76W;
				ENABLE_PREVIEWS = YES;
				GENERATE_INFOPLIST_FILE = YES;
				INFOPLIST_FILE = "ODK-Marvel-Info.plist";
				INFOPLIST_KEY_UIApplicationSceneManifest_Generation = YES;
				INFOPLIST_KEY_UIApplicationSupportsIndirectInputEvents = YES;
				INFOPLIST_KEY_UILaunchScreen_Generation = YES;
				INFOPLIST_KEY_UISupportedInterfaceOrientations_iPad = "UIInterfaceOrientationPortrait UIInterfaceOrientationPortraitUpsideDown UIInterfaceOrientationLandscapeLeft UIInterfaceOrientationLandscapeRight";
				INFOPLIST_KEY_UISupportedInterfaceOrientations_iPhone = "UIInterfaceOrientationPortrait UIInterfaceOrientationLandscapeLeft UIInterfaceOrientationLandscapeRight";
				LD_RUNPATH_SEARCH_PATHS = (
					"$(inherited)",
					"@executable_path/Frameworks",
				);
				MARKETING_VERSION = 1.0;
				PRODUCT_BUNDLE_IDENTIFIER = "com.wyndot.ODK-Marvel";
				PRODUCT_NAME = "$(TARGET_NAME)";
				SWIFT_EMIT_LOC_STRINGS = YES;
				SWIFT_VERSION = 5.0;
				TARGETED_DEVICE_FAMILY = "1,2";
			};
			name = Release;
		};
		66F926A1279B2F1B002D109A /* Debug */ = {
			isa = XCBuildConfiguration;
			buildSettings = {
				ALWAYS_EMBED_SWIFT_STANDARD_LIBRARIES = YES;
				BUNDLE_LOADER = "$(TEST_HOST)";
				CODE_SIGN_STYLE = Automatic;
				CURRENT_PROJECT_VERSION = 1;
				DEVELOPMENT_TEAM = NJ8AARD76W;
				GENERATE_INFOPLIST_FILE = YES;
				INFOPLIST_FILE = "ODK-MarvelTests-Info.plist";
				IPHONEOS_DEPLOYMENT_TARGET = 15.2;
				MARKETING_VERSION = 1.0;
				PRODUCT_BUNDLE_IDENTIFIER = "com.wyndot.ODK-MarvelTests";
				PRODUCT_NAME = "$(TARGET_NAME)";
				SWIFT_EMIT_LOC_STRINGS = NO;
				SWIFT_VERSION = 5.0;
				TARGETED_DEVICE_FAMILY = "1,2";
				TEST_HOST = "$(BUILT_PRODUCTS_DIR)/ODK Marvel.app/ODK Marvel";
			};
			name = Debug;
		};
		66F926A2279B2F1B002D109A /* Release */ = {
			isa = XCBuildConfiguration;
			buildSettings = {
				ALWAYS_EMBED_SWIFT_STANDARD_LIBRARIES = YES;
				BUNDLE_LOADER = "$(TEST_HOST)";
				CODE_SIGN_STYLE = Automatic;
				CURRENT_PROJECT_VERSION = 1;
				DEVELOPMENT_TEAM = NJ8AARD76W;
				GENERATE_INFOPLIST_FILE = YES;
				INFOPLIST_FILE = "ODK-MarvelTests-Info.plist";
				IPHONEOS_DEPLOYMENT_TARGET = 15.2;
				MARKETING_VERSION = 1.0;
				PRODUCT_BUNDLE_IDENTIFIER = "com.wyndot.ODK-MarvelTests";
				PRODUCT_NAME = "$(TARGET_NAME)";
				SWIFT_EMIT_LOC_STRINGS = NO;
				SWIFT_VERSION = 5.0;
				TARGETED_DEVICE_FAMILY = "1,2";
				TEST_HOST = "$(BUILT_PRODUCTS_DIR)/ODK Marvel.app/ODK Marvel";
			};
			name = Release;
		};
		66F926A4279B2F1B002D109A /* Debug */ = {
			isa = XCBuildConfiguration;
			buildSettings = {
				ALWAYS_EMBED_SWIFT_STANDARD_LIBRARIES = YES;
				CODE_SIGN_STYLE = Automatic;
				CURRENT_PROJECT_VERSION = 1;
				DEVELOPMENT_TEAM = NJ8AARD76W;
				GENERATE_INFOPLIST_FILE = YES;
				INFOPLIST_FILE = "ODK-MarvelUITests-Info.plist";
				INFOPLIST_KEY_LSApplicationCategoryType = "";
				MARKETING_VERSION = 1.0;
				PRODUCT_BUNDLE_IDENTIFIER = "com.wyndot.ODK-MarvelUITests";
				PRODUCT_NAME = "$(TARGET_NAME)";
				SWIFT_EMIT_LOC_STRINGS = NO;
				SWIFT_VERSION = 5.0;
				TARGETED_DEVICE_FAMILY = "1,2";
				TEST_TARGET_NAME = "ODK Marvel";
			};
			name = Debug;
		};
		66F926A5279B2F1B002D109A /* Release */ = {
			isa = XCBuildConfiguration;
			buildSettings = {
				ALWAYS_EMBED_SWIFT_STANDARD_LIBRARIES = YES;
				CODE_SIGN_STYLE = Automatic;
				CURRENT_PROJECT_VERSION = 1;
				DEVELOPMENT_TEAM = NJ8AARD76W;
				GENERATE_INFOPLIST_FILE = YES;
				INFOPLIST_FILE = "ODK-MarvelUITests-Info.plist";
				INFOPLIST_KEY_LSApplicationCategoryType = "";
				MARKETING_VERSION = 1.0;
				PRODUCT_BUNDLE_IDENTIFIER = "com.wyndot.ODK-MarvelUITests";
				PRODUCT_NAME = "$(TARGET_NAME)";
				SWIFT_EMIT_LOC_STRINGS = NO;
				SWIFT_VERSION = 5.0;
				TARGETED_DEVICE_FAMILY = "1,2";
				TEST_TARGET_NAME = "ODK Marvel";
			};
			name = Release;
		};
/* End XCBuildConfiguration section */

/* Begin XCConfigurationList section */
		66F9266F279B2F19002D109A /* Build configuration list for PBXProject "ODK Marvel" */ = {
			isa = XCConfigurationList;
			buildConfigurations = (
				66F9269B279B2F1B002D109A /* Debug */,
				66F9269C279B2F1B002D109A /* Release */,
			);
			defaultConfigurationIsVisible = 0;
			defaultConfigurationName = Release;
		};
		66F9269D279B2F1B002D109A /* Build configuration list for PBXNativeTarget "ODK Marvel" */ = {
			isa = XCConfigurationList;
			buildConfigurations = (
				66F9269E279B2F1B002D109A /* Debug */,
				66F9269F279B2F1B002D109A /* Release */,
			);
			defaultConfigurationIsVisible = 0;
			defaultConfigurationName = Release;
		};
		66F926A0279B2F1B002D109A /* Build configuration list for PBXNativeTarget "ODK MarvelTests" */ = {
			isa = XCConfigurationList;
			buildConfigurations = (
				66F926A1279B2F1B002D109A /* Debug */,
				66F926A2279B2F1B002D109A /* Release */,
			);
			defaultConfigurationIsVisible = 0;
			defaultConfigurationName = Release;
		};
		66F926A3279B2F1B002D109A /* Build configuration list for PBXNativeTarget "ODK MarvelUITests" */ = {
			isa = XCConfigurationList;
			buildConfigurations = (
				66F926A4279B2F1B002D109A /* Debug */,
				66F926A5279B2F1B002D109A /* Release */,
			);
			defaultConfigurationIsVisible = 0;
			defaultConfigurationName = Release;
		};
/* End XCConfigurationList section */

/* Begin XCVersionGroup section */
		66F92682279B2F1B002D109A /* ODK_Marvel.xcdatamodeld */ = {
			isa = XCVersionGroup;
			children = (
				66F92683279B2F1B002D109A /* ODK_Marvel.xcdatamodel */,
			);
			currentVersion = 66F92683279B2F1B002D109A /* ODK_Marvel.xcdatamodel */;
			path = ODK_Marvel.xcdatamodeld;
			sourceTree = "<group>";
			versionGroupType = wrapper.xcdatamodel;
		};
/* End XCVersionGroup section */
	};
	rootObject = 66F9266C279B2F19002D109A /* Project object */;
}
